# This file is automatically @generated by Cargo.
# It is not intended for manual editing.
version = 4

[[package]]
name = "eleixan-apuracao"
version = "0.1.0"

[[package]]
name = "eleixan-core"
version = "0.1.0"

[[package]]
name = "eleixan-mesa"
version = "0.1.0"

[[package]]
name = "eleixan-nfc"
version = "0.1.0"

[[package]]
name = "eleixan-urna"
version = "0.1.0"
